
Microsoft Visual Studio Solution File, Format Version 12.00
# Visual Studio Version 16
VisualStudioVersion = 16.0.31410.357
MinimumVisualStudioVersion = 10.0.40219.1
Project("{FAE04EC0-301F-11D3-BF4B-00C04F79EFBC}") = "Contracts", "Contracts\Contracts.csproj", "{03C4DE5F-DA57-4743-975C-27B15B85B6F2}"
EndProject
Global
	GlobalSection(SolutionConfigurationPlatforms) = preSolution
		Debug|Any CPU = Debug|Any CPU
		Release|Any CPU = Release|Any CPU
	EndGlobalSection
	GlobalSection(ProjectConfigurationPlatforms) = postSolution
		{03C4DE5F-DA57-4743-975C-27B15B85B6F2}.Debug|Any CPU.ActiveCfg = Debug|Any CPU
		{03C4DE5F-DA57-4743-975C-27B15B85B6F2}.Debug|Any CPU.Build.0 = Debug|Any CPU
		{03C4DE5F-DA57-4743-975C-27B15B85B6F2}.Release|Any CPU.ActiveCfg = Release|Any CPU
		{03C4DE5F-DA57-4743-975C-27B15B85B6F2}.Release|Any CPU.Build.0 = Release|Any CPU
	EndGlobalSection
	GlobalSection(SolutionProperties) = preSolution
		HideSolutionNode = FALSE
	EndGlobalSection
	GlobalSection(ExtensibilityGlobals) = postSolution
		SolutionGuid = {A91B1282-C805-4600-B9D6-7D554DCD0AF7}
	EndGlobalSection
EndGlobal
